
Microsoft Visual Studio Solution File, Format Version 12.00
# Visual Studio Version 16
VisualStudioVersion = 16.0.30804.86
MinimumVisualStudioVersion = 10.0.40219.1
Project("{FAE04EC0-301F-11D3-BF4B-00C04F79EFBC}") = "Araba Satış Uygulaması", "Araba Satış Uygulaması\Araba Satış Uygulaması.csproj", "{3BDDB427-7839-4E6A-956B-C78B57CB2EE7}"
EndProject
Global
	GlobalSection(SolutionConfigurationPlatforms) = preSolution
		Debug|Any CPU = Debug|Any CPU
		Release|Any CPU = Release|Any CPU
	EndGlobalSection
	GlobalSection(ProjectConfigurationPlatforms) = postSolution
		{3BDDB427-7839-4E6A-956B-C78B57CB2EE7}.Debug|Any CPU.ActiveCfg = Debug|Any CPU
		{3BDDB427-7839-4E6A-956B-C78B57CB2EE7}.Debug|Any CPU.Build.0 = Debug|Any CPU
		{3BDDB427-7839-4E6A-956B-C78B57CB2EE7}.Release|Any CPU.ActiveCfg = Release|Any CPU
		{3BDDB427-7839-4E6A-956B-C78B57CB2EE7}.Release|Any CPU.Build.0 = Release|Any CPU
	EndGlobalSection
	GlobalSection(SolutionProperties) = preSolution
		HideSolutionNode = FALSE
	EndGlobalSection
	GlobalSection(ExtensibilityGlobals) = postSolution
		SolutionGuid = {F23F92D7-1BE1-4750-BC31-A1E7BC7EA01E}
	EndGlobalSection
EndGlobal
